
Microsoft Visual Studio Solution File, Format Version 12.00
# Visual Studio Version 17
VisualStudioVersion = 17.1.31911.260
MinimumVisualStudioVersion = 10.0.40219.1
Project("{FAE04EC0-301F-11D3-BF4B-00C04F79EFBC}") = "PhotoGalleryApi", "PhotoGalleryApi\PhotoGalleryApi.csproj", "{0D84E486-6607-44A9-A05F-0CF7FB902C4D}"
EndProject
Global
	GlobalSection(SolutionConfigurationPlatforms) = preSolution
		Debug|Any CPU = Debug|Any CPU
		Release|Any CPU = Release|Any CPU
	EndGlobalSection
	GlobalSection(ProjectConfigurationPlatforms) = postSolution
		{0D84E486-6607-44A9-A05F-0CF7FB902C4D}.Debug|Any CPU.ActiveCfg = Debug|Any CPU
		{0D84E486-6607-44A9-A05F-0CF7FB902C4D}.Debug|Any CPU.Build.0 = Debug|Any CPU
		{0D84E486-6607-44A9-A05F-0CF7FB902C4D}.Release|Any CPU.ActiveCfg = Release|Any CPU
		{0D84E486-6607-44A9-A05F-0CF7FB902C4D}.Release|Any CPU.Build.0 = Release|Any CPU
	EndGlobalSection
	GlobalSection(SolutionProperties) = preSolution
		HideSolutionNode = FALSE
	EndGlobalSection
	GlobalSection(ExtensibilityGlobals) = postSolution
		SolutionGuid = {DB493E86-1D7D-4C3B-B3DD-C9868F01A587}
	EndGlobalSection
EndGlobal
